
Microsoft Visual Studio Solution File, Format Version 12.00
# Visual Studio Version 17
VisualStudioVersion = 17.3.32901.215
MinimumVisualStudioVersion = 10.0.40219.1
Project("{FAE04EC0-301F-11D3-BF4B-00C04F79EFBC}") = "Startup", "Startup\Startup.csproj", "{1C19F0A4-F4B7-4C03-8FF5-DAA2A8EC72C7}"
EndProject
Project("{FAE04EC0-301F-11D3-BF4B-00C04F79EFBC}") = "TEST", "TEST\TEST.csproj", "{C5AAA59F-C371-4735-8C42-39AB7CBE2E70}"
EndProject
Global
	GlobalSection(SolutionConfigurationPlatforms) = preSolution
		Debug|Any CPU = Debug|Any CPU
		Release|Any CPU = Release|Any CPU
	EndGlobalSection
	GlobalSection(ProjectConfigurationPlatforms) = postSolution
		{1C19F0A4-F4B7-4C03-8FF5-DAA2A8EC72C7}.Debug|Any CPU.ActiveCfg = Debug|Any CPU
		{1C19F0A4-F4B7-4C03-8FF5-DAA2A8EC72C7}.Debug|Any CPU.Build.0 = Debug|Any CPU
		{1C19F0A4-F4B7-4C03-8FF5-DAA2A8EC72C7}.Release|Any CPU.ActiveCfg = Release|Any CPU
		{1C19F0A4-F4B7-4C03-8FF5-DAA2A8EC72C7}.Release|Any CPU.Build.0 = Release|Any CPU
		{C5AAA59F-C371-4735-8C42-39AB7CBE2E70}.Debug|Any CPU.ActiveCfg = Debug|Any CPU
		{C5AAA59F-C371-4735-8C42-39AB7CBE2E70}.Debug|Any CPU.Build.0 = Debug|Any CPU
		{C5AAA59F-C371-4735-8C42-39AB7CBE2E70}.Release|Any CPU.ActiveCfg = Release|Any CPU
		{C5AAA59F-C371-4735-8C42-39AB7CBE2E70}.Release|Any CPU.Build.0 = Release|Any CPU
	EndGlobalSection
	GlobalSection(SolutionProperties) = preSolution
		HideSolutionNode = FALSE
	EndGlobalSection
	GlobalSection(ExtensibilityGlobals) = postSolution
		SolutionGuid = {E8F7747B-7AED-4D37-BE9B-9A72D8667FFD}
	EndGlobalSection
EndGlobal
